
Microsoft Visual Studio Solution File, Format Version 12.00
# Visual Studio Version 17
VisualStudioVersion = 17.0.31903.59
MinimumVisualStudioVersion = 10.0.40219.1
Project("{9A19103F-16F7-4668-BE54-9A1E7A4F7556}") = "Kurz.Compiler", "Kurz.Compiler\Kurz.Compiler.csproj", "{7D2B0C7E-3A6B-4D11-9D4E-2C1F1B5A0001}"
EndProject
Project("{9A19103F-16F7-4668-BE54-9A1E7A4F7556}") = "Kurz.Compiler.Tests", "Kurz.Compiler.Tests\Kurz.Compiler.Tests.csproj", "{7D2B0C7E-3A6B-4D11-9D4E-2C1F1B5A0002}"
EndProject
Global
	GlobalSection(SolutionConfigurationPlatforms) = preSolution
		Debug|Any CPU = Debug|Any CPU
		Release|Any CPU = Release|Any CPU
	EndGlobalSection
	GlobalSection(ProjectConfigurationPlatforms) = postSolution
		{7D2B0C7E-3A6B-4D11-9D4E-2C1F1B5A0001}.Debug|Any CPU.ActiveCfg = Debug|Any CPU
		{7D2B0C7E-3A6B-4D11-9D4E-2C1F1B5A0001}.Debug|Any CPU.Build.0 = Debug|Any CPU
		{7D2B0C7E-3A6B-4D11-9D4E-2C1F1B5A0001}.Release|Any CPU.ActiveCfg = Release|Any CPU
		{7D2B0C7E-3A6B-4D11-9D4E-2C1F1B5A0001}.Release|Any CPU.Build.0 = Release|Any CPU
		{7D2B0C7E-3A6B-4D11-9D4E-2C1F1B5A0002}.Debug|Any CPU.ActiveCfg = Debug|Any CPU
		{7D2B0C7E-3A6B-4D11-9D4E-2C1F1B5A0002}.Debug|Any CPU.Build.0 = Debug|Any CPU
		{7D2B0C7E-3A6B-4D11-9D4E-2C1F1B5A0002}.Release|Any CPU.ActiveCfg = Release|Any CPU
		{7D2B0C7E-3A6B-4D11-9D4E-2C1F1B5A0002}.Release|Any CPU.Build.0 = Release|Any CPU
	EndGlobalSection
	GlobalSection(SolutionProperties) = preSolution
		HideSolutionNode = FALSE
	EndGlobalSection
	GlobalSection(ExtensibilityGlobals) = postSolution
		SolutionGuid = {7D2B0C7E-3A6B-4D11-9D4E-2C1F1B5A0000}
	EndGlobalSection
EndGlobal
